
Microsoft Visual Studio Solution File, Format Version 12.00
# Visual Studio Version 17
VisualStudioVersion = 17.1.32228.430
MinimumVisualStudioVersion = 10.0.40219.1
Project("{9A19103F-16F7-4668-BE54-9A1E7A4F7556}") = "BTCSTXSwap.Domain", "BTCSTXSwap.Domain\BTCSTXSwap.Domain.csproj", "{A1075D98-F8C9-4101-A9BD-D86B2AECA385}"
EndProject
Project("{9A19103F-16F7-4668-BE54-9A1E7A4F7556}") = "BTCSTXSwap.DTO", "BTCSTXSwap.DTO\BTCSTXSwap.DTO.csproj", "{2E16DDBE-A432-411E-BF7E-F4ED76FFB184}"
EndProject
Project("{9A19103F-16F7-4668-BE54-9A1E7A4F7556}") = "Core.Domain", "Core.Domain\Core.Domain.csproj", "{E149BFCB-5FFB-44D5-8FA0-BE1480D2D8CA}"
EndProject
Project("{9A19103F-16F7-4668-BE54-9A1E7A4F7556}") = "DB.Infra", "DB.Infra\DB.Infra.csproj", "{84C58D7E-C390-4AAF-98B3-F5CBB09C91BC}"
EndProject
Project("{2150E333-8FDC-42A3-9474-1A3956D46DE8}") = "Docker", "Docker", "{4CA0FD41-3A9C-40D1-99D3-240B1C82D7D9}"
	ProjectSection(SolutionItems) = preProject
		default-hml.conf = default-hml.conf
		default.conf = default.conf
		deployPodsAz.yml = deployPodsAz.yml
		docker-compose-acr.yml = docker-compose-acr.yml
		docker-compose.yml = docker-compose.yml
		Dockerfile-nginx = Dockerfile-nginx
		README.md = README.md
		sql_server_compose.yml = sql_server_compose.yml
		ssl.crt = ssl.crt
		ssl.key = ssl.key
	EndProjectSection
EndProject
Project("{9A19103F-16F7-4668-BE54-9A1E7A4F7556}") = "BTCSTXSwap.API", "BTCSTXSwap.API\BTCSTXSwap.API.csproj", "{3B88C798-479A-4EB0-8F68-23B3EF1AFAE8}"
EndProject
Project("{9A19103F-16F7-4668-BE54-9A1E7A4F7556}") = "BTCSTXSwap.Application", "BTCSTXSwap.Application\BTCSTXSwap.Application.csproj", "{5DE107B9-14A2-4A93-ACF8-E6F6BE632AC6}"
EndProject
Project("{9A19103F-16F7-4668-BE54-9A1E7A4F7556}") = "BTCSTXSwap.BackgroundService", "BTCSTXSwap.BackgroundService\BTCSTXSwap.BackgroundService.csproj", "{97004F83-762F-47D5-A664-9F2B02058470}"
EndProject
Global
	GlobalSection(SolutionConfigurationPlatforms) = preSolution
		Debug|Any CPU = Debug|Any CPU
		Release|Any CPU = Release|Any CPU
	EndGlobalSection
	GlobalSection(ProjectConfigurationPlatforms) = postSolution
		{A1075D98-F8C9-4101-A9BD-D86B2AECA385}.Debug|Any CPU.ActiveCfg = Debug|Any CPU
		{A1075D98-F8C9-4101-A9BD-D86B2AECA385}.Debug|Any CPU.Build.0 = Debug|Any CPU
		{A1075D98-F8C9-4101-A9BD-D86B2AECA385}.Release|Any CPU.ActiveCfg = Release|Any CPU
		{A1075D98-F8C9-4101-A9BD-D86B2AECA385}.Release|Any CPU.Build.0 = Release|Any CPU
		{2E16DDBE-A432-411E-BF7E-F4ED76FFB184}.Debug|Any CPU.ActiveCfg = Debug|Any CPU
		{2E16DDBE-A432-411E-BF7E-F4ED76FFB184}.Debug|Any CPU.Build.0 = Debug|Any CPU
		{2E16DDBE-A432-411E-BF7E-F4ED76FFB184}.Release|Any CPU.ActiveCfg = Release|Any CPU
		{2E16DDBE-A432-411E-BF7E-F4ED76FFB184}.Release|Any CPU.Build.0 = Release|Any CPU
		{E149BFCB-5FFB-44D5-8FA0-BE1480D2D8CA}.Debug|Any CPU.ActiveCfg = Debug|Any CPU
		{E149BFCB-5FFB-44D5-8FA0-BE1480D2D8CA}.Debug|Any CPU.Build.0 = Debug|Any CPU
		{E149BFCB-5FFB-44D5-8FA0-BE1480D2D8CA}.Release|Any CPU.ActiveCfg = Release|Any CPU
		{E149BFCB-5FFB-44D5-8FA0-BE1480D2D8CA}.Release|Any CPU.Build.0 = Release|Any CPU
		{84C58D7E-C390-4AAF-98B3-F5CBB09C91BC}.Debug|Any CPU.ActiveCfg = Debug|Any CPU
		{84C58D7E-C390-4AAF-98B3-F5CBB09C91BC}.Debug|Any CPU.Build.0 = Debug|Any CPU
		{84C58D7E-C390-4AAF-98B3-F5CBB09C91BC}.Release|Any CPU.ActiveCfg = Release|Any CPU
		{84C58D7E-C390-4AAF-98B3-F5CBB09C91BC}.Release|Any CPU.Build.0 = Release|Any CPU
		{3B88C798-479A-4EB0-8F68-23B3EF1AFAE8}.Debug|Any CPU.ActiveCfg = Debug|Any CPU
		{3B88C798-479A-4EB0-8F68-23B3EF1AFAE8}.Debug|Any CPU.Build.0 = Debug|Any CPU
		{3B88C798-479A-4EB0-8F68-23B3EF1AFAE8}.Release|Any CPU.ActiveCfg = Release|Any CPU
		{3B88C798-479A-4EB0-8F68-23B3EF1AFAE8}.Release|Any CPU.Build.0 = Release|Any CPU
		{5DE107B9-14A2-4A93-ACF8-E6F6BE632AC6}.Debug|Any CPU.ActiveCfg = Debug|Any CPU
		{5DE107B9-14A2-4A93-ACF8-E6F6BE632AC6}.Debug|Any CPU.Build.0 = Debug|Any CPU
		{5DE107B9-14A2-4A93-ACF8-E6F6BE632AC6}.Release|Any CPU.ActiveCfg = Release|Any CPU
		{5DE107B9-14A2-4A93-ACF8-E6F6BE632AC6}.Release|Any CPU.Build.0 = Release|Any CPU
		{97004F83-762F-47D5-A664-9F2B02058470}.Debug|Any CPU.ActiveCfg = Debug|Any CPU
		{97004F83-762F-47D5-A664-9F2B02058470}.Debug|Any CPU.Build.0 = Debug|Any CPU
		{97004F83-762F-47D5-A664-9F2B02058470}.Release|Any CPU.ActiveCfg = Release|Any CPU
		{97004F83-762F-47D5-A664-9F2B02058470}.Release|Any CPU.Build.0 = Release|Any CPU
	EndGlobalSection
	GlobalSection(SolutionProperties) = preSolution
		HideSolutionNode = FALSE
	EndGlobalSection
	GlobalSection(ExtensibilityGlobals) = postSolution
		SolutionGuid = {09F0A422-0692-4032-9924-7DF1D27AEF60}
	EndGlobalSection
EndGlobal
